
Microsoft Visual Studio Solution File, Format Version 12.00
# Visual Studio 15
VisualStudioVersion = 15.0.27703.2042
MinimumVisualStudioVersion = 10.0.40219.1
Project("{8BC9CEB8-8B4A-11D0-8D11-00A0C91BC942}") = "Dijkstra", "Dijkstra\Dijkstra.vcxproj", "{DA318F73-C2FF-478A-ACCA-B86D5F1C8419}"
EndProject
Global
	GlobalSection(SolutionConfigurationPlatforms) = preSolution
		Debug|x64 = Debug|x64
		Debug|x86 = Debug|x86
		Release|x64 = Release|x64
		Release|x86 = Release|x86
	EndGlobalSection
	GlobalSection(ProjectConfigurationPlatforms) = postSolution
		{DA318F73-C2FF-478A-ACCA-B86D5F1C8419}.Debug|x64.ActiveCfg = Debug|x64
		{DA318F73-C2FF-478A-ACCA-B86D5F1C8419}.Debug|x64.Build.0 = Debug|x64
		{DA318F73-C2FF-478A-ACCA-B86D5F1C8419}.Debug|x86.ActiveCfg = Debug|Win32
		{DA318F73-C2FF-478A-ACCA-B86D5F1C8419}.Debug|x86.Build.0 = Debug|Win32
		{DA318F73-C2FF-478A-ACCA-B86D5F1C8419}.Release|x64.ActiveCfg = Release|x64
		{DA318F73-C2FF-478A-ACCA-B86D5F1C8419}.Release|x64.Build.0 = Release|x64
		{DA318F73-C2FF-478A-ACCA-B86D5F1C8419}.Release|x86.ActiveCfg = Release|Win32
		{DA318F73-C2FF-478A-ACCA-B86D5F1C8419}.Release|x86.Build.0 = Release|Win32
	EndGlobalSection
	GlobalSection(SolutionProperties) = preSolution
		HideSolutionNode = FALSE
	EndGlobalSection
	GlobalSection(ExtensibilityGlobals) = postSolution
		SolutionGuid = {DE52DFEC-9FC7-4E99-9530-98E8D1731DA1}
	EndGlobalSection
EndGlobal
